# THIS IS AN AUTOGENERATED FILE. DO NOT EDIT THIS FILE DIRECTLY.
# yarn lockfile v1


"@cloudflare/workers-types@^3.2.0":
  version "3.19.0"
  resolved "https://registry.yarnpkg.com/@cloudflare/workers-types/-/workers-types-3.19.0.tgz#f3791b80b23f7cf0072f2e67e98aa37801204b6c"
  integrity sha512-0FRcsz7Ea3jT+gc5gKPIYciykm1bbAaTpygdzpCwGt0RL+V83zWnYN30NWDW4rIHj/FHtz+MIuBKS61C8l7AzQ==

typescript@^4.3.2:
  version "4.9.5"
  resolved "https://registry.yarnpkg.com/typescript/-/typescript-4.9.5.tgz#095979f9bcc0d09da324d58d03ce8f8374cbe65a"
  integrity sha512-1FXk9E2Hm+QzZQ7z+McJiHL4NW1F2EzMu9Nq9i3zAaGqibafqYwCVU6WyWAuyQRRzOlxou8xZSyXLEN8oKj24g==
